// !$*UTF8*$!
{
	archiveVersion = 1;
	classes = {
	};
	objectVersion = 50;
	objects = {

/* Begin PBXBuildFile section */
		DDC1461623E2261B003C4DBE /* AppDelegate.m in Sources */ = {isa = PBXBuildFile; fileRef = DDC1461523E2261B003C4DBE /* AppDelegate.m */; };
		DDC1461923E2261B003C4DBE /* SceneDelegate.m in Sources */ = {isa = PBXBuildFile; fileRef = DDC1461823E2261B003C4DBE /* SceneDelegate.m */; };
		DDC1461F23E2261B003C4DBE /* Main.storyboard in Resources */ = {isa = PBXBuildFile; fileRef = DDC1461D23E2261B003C4DBE /* Main.storyboard */; };
		DDC1462123E2261C003C4DBE /* Assets.xcassets in Resources */ = {isa = PBXBuildFile; fileRef = DDC1462023E2261C003C4DBE /* Assets.xcassets */; };
		DDC1462423E2261C003C4DBE /* LaunchScreen.storyboard in Resources */ = {isa = PBXBuildFile; fileRef = DDC1462223E2261C003C4DBE /* LaunchScreen.storyboard */; };
		DDC1462723E2261C003C4DBE /* main.m in Sources */ = {isa = PBXBuildFile; fileRef = DDC1462623E2261C003C4DBE /* main.m */; };
		DDC1463323E22978003C4DBE /* ContactsTableViewController.m in Sources */ = {isa = PBXBuildFile; fileRef = DDC1463223E22978003C4DBE /* ContactsTableViewController.m */; };
		DDC1463623E22991003C4DBE /* AddContactViewController.m in Sources */ = {isa = PBXBuildFile; fileRef = DDC1463523E22991003C4DBE /* AddContactViewController.m */; };
		DDC1463923E22A9D003C4DBE /* Contact.m in Sources */ = {isa = PBXBuildFile; fileRef = DDC1463823E22A9D003C4DBE /* Contact.m */; };
		DDC1463C23E22AAF003C4DBE /* ContactController.m in Sources */ = {isa = PBXBuildFile; fileRef = DDC1463B23E22AAF003C4DBE /* ContactController.m */; };
/* End PBXBuildFile section */

/* Begin PBXFileReference section */
		DDC1461123E2261B003C4DBE /* Contacts.app */ = {isa = PBXFileReference; explicitFileType = wrapper.application; includeInIndex = 0; path = Contacts.app; sourceTree = BUILT_PRODUCTS_DIR; };
		DDC1461423E2261B003C4DBE /* AppDelegate.h */ = {isa = PBXFileReference; lastKnownFileType = sourcecode.c.h; path = AppDelegate.h; sourceTree = "<group>"; };
		DDC1461523E2261B003C4DBE /* AppDelegate.m */ = {isa = PBXFileReference; lastKnownFileType = sourcecode.c.objc; path = AppDelegate.m; sourceTree = "<group>"; };
		DDC1461723E2261B003C4DBE /* SceneDelegate.h */ = {isa = PBXFileReference; lastKnownFileType = sourcecode.c.h; path = SceneDelegate.h; sourceTree = "<group>"; };
		DDC1461823E2261B003C4DBE /* SceneDelegate.m */ = {isa = PBXFileReference; lastKnownFileType = sourcecode.c.objc; path = SceneDelegate.m; sourceTree = "<group>"; };
		DDC1461E23E2261B003C4DBE /* Base */ = {isa = PBXFileReference; lastKnownFileType = file.storyboard; name = Base; path = Base.lproj/Main.storyboard; sourceTree = "<group>"; };
		DDC1462023E2261C003C4DBE /* Assets.xcassets */ = {isa = PBXFileReference; lastKnownFileType = folder.assetcatalog; path = Assets.xcassets; sourceTree = "<group>"; };
		DDC1462323E2261C003C4DBE /* Base */ = {isa = PBXFileReference; lastKnownFileType = file.storyboard; name = Base; path = Base.lproj/LaunchScreen.storyboard; sourceTree = "<group>"; };
		DDC1462523E2261C003C4DBE /* Info.plist */ = {isa = PBXFileReference; lastKnownFileType = text.plist.xml; path = Info.plist; sourceTree = "<group>"; };
		DDC1462623E2261C003C4DBE /* main.m */ = {isa = PBXFileReference; lastKnownFileType = sourcecode.c.objc; path = main.m; sourceTree = "<group>"; };
		DDC1463123E22978003C4DBE /* ContactsTableViewController.h */ = {isa = PBXFileReference; lastKnownFileType = sourcecode.c.h; path = ContactsTableViewController.h; sourceTree = "<group>"; };
		DDC1463223E22978003C4DBE /* ContactsTableViewController.m */ = {isa = PBXFileReference; lastKnownFileType = sourcecode.c.objc; path = ContactsTableViewController.m; sourceTree = "<group>"; };
		DDC1463423E22991003C4DBE /* AddContactViewController.h */ = {isa = PBXFileReference; lastKnownFileType = sourcecode.c.h; path = AddContactViewController.h; sourceTree = "<group>"; };
		DDC1463523E22991003C4DBE /* AddContactViewController.m */ = {isa = PBXFileReference; lastKnownFileType = sourcecode.c.objc; path = AddContactViewController.m; sourceTree = "<group>"; };
		DDC1463723E22A9D003C4DBE /* Contact.h */ = {isa = PBXFileReference; lastKnownFileType = sourcecode.c.h; path = Contact.h; sourceTree = "<group>"; };
		DDC1463823E22A9D003C4DBE /* Contact.m */ = {isa = PBXFileReference; lastKnownFileType = sourcecode.c.objc; path = Contact.m; sourceTree = "<group>"; };
		DDC1463A23E22AAF003C4DBE /* ContactController.h */ = {isa = PBXFileReference; lastKnownFileType = sourcecode.c.h; path = ContactController.h; sourceTree = "<group>"; };
		DDC1463B23E22AAF003C4DBE /* ContactController.m */ = {isa = PBXFileReference; lastKnownFileType = sourcecode.c.objc; path = ContactController.m; sourceTree = "<group>"; };
/* End PBXFileReference section */

/* Begin PBXFrameworksBuildPhase section */
		DDC1460E23E2261B003C4DBE /* Frameworks */ = {
			isa = PBXFrameworksBuildPhase;
			buildActionMask = 2147483647;
			files = (
			);
			runOnlyForDeploymentPostprocessing = 0;
		};
/* End PBXFrameworksBuildPhase section */

/* Begin PBXGroup section */
		DDC1460823E2261B003C4DBE = {
			isa = PBXGroup;
			children = (
				DDC1461323E2261B003C4DBE /* Contacts */,
				DDC1461223E2261B003C4DBE /* Products */,
			);
			sourceTree = "<group>";
		};
		DDC1461223E2261B003C4DBE /* Products */ = {
			isa = PBXGroup;
			children = (
				DDC1461123E2261B003C4DBE /* Contacts.app */,
			);
			name = Products;
			sourceTree = "<group>";
		};
		DDC1461323E2261B003C4DBE /* Contacts */ = {
			isa = PBXGroup;
			children = (
				DDC1463023E226BB003C4DBE /* Storyboards */,
				DDC1462F23E226AB003C4DBE /* ViewControllers */,
				DDC1462E23E226A6003C4DBE /* Model */,
				DDC1462D23E2268E003C4DBE /* Resources */,
				DDC1462023E2261C003C4DBE /* Assets.xcassets */,
				DDC1462523E2261C003C4DBE /* Info.plist */,
				DDC1462623E2261C003C4DBE /* main.m */,
			);
			path = Contacts;
			sourceTree = "<group>";
		};
		DDC1462D23E2268E003C4DBE /* Resources */ = {
			isa = PBXGroup;
			children = (
				DDC1461423E2261B003C4DBE /* AppDelegate.h */,
				DDC1461523E2261B003C4DBE /* AppDelegate.m */,
				DDC1461723E2261B003C4DBE /* SceneDelegate.h */,
				DDC1461823E2261B003C4DBE /* SceneDelegate.m */,
			);
			path = Resources;
			sourceTree = "<group>";
		};
		DDC1462E23E226A6003C4DBE /* Model */ = {
			isa = PBXGroup;
			children = (
				DDC1463723E22A9D003C4DBE /* Contact.h */,
				DDC1463823E22A9D003C4DBE /* Contact.m */,
				DDC1463A23E22AAF003C4DBE /* ContactController.h */,
				DDC1463B23E22AAF003C4DBE /* ContactController.m */,
			);
			path = Model;
			sourceTree = "<group>";
		};
		DDC1462F23E226AB003C4DBE /* ViewControllers */ = {
			isa = PBXGroup;
			children = (
				DDC1463123E22978003C4DBE /* ContactsTableViewController.h */,
				DDC1463223E22978003C4DBE /* ContactsTableViewController.m */,
				DDC1463423E22991003C4DBE /* AddContactViewController.h */,
				DDC1463523E22991003C4DBE /* AddContactViewController.m */,
			);
			path = ViewControllers;
			sourceTree = "<group>";
		};
		DDC1463023E226BB003C4DBE /* Storyboards */ = {
			isa = PBXGroup;
			children = (
				DDC1462223E2261C003C4DBE /* LaunchScreen.storyboard */,
				DDC1461D23E2261B003C4DBE /* Main.storyboard */,
			);
			path = Storyboards;
			sourceTree = "<group>";
		};
/* End PBXGroup section */

/* Begin PBXNativeTarget section */
		DDC1461023E2261B003C4DBE /* Contacts */ = {
			isa = PBXNativeTarget;
			buildConfigurationList = DDC1462A23E2261C003C4DBE /* Build configuration list for PBXNativeTarget "Contacts" */;
			buildPhases = (
				DDC1460D23E2261B003C4DBE /* Sources */,
				DDC1460E23E2261B003C4DBE /* Frameworks */,
				DDC1460F23E2261B003C4DBE /* Resources */,
			);
			buildRules = (
			);
			dependencies = (
			);
			name = Contacts;
			productName = Contacts;
			productReference = DDC1461123E2261B003C4DBE /* Contacts.app */;
			productType = "com.apple.product-type.application";
		};
/* End PBXNativeTarget section */

/* Begin PBXProject section */
		DDC1460923E2261B003C4DBE /* Project object */ = {
			isa = PBXProject;
			attributes = {
				LastUpgradeCheck = 1130;
				ORGANIZATIONNAME = "brian vilchez";
				TargetAttributes = {
					DDC1461023E2261B003C4DBE = {
						CreatedOnToolsVersion = 11.3.1;
					};
				};
			};
			buildConfigurationList = DDC1460C23E2261B003C4DBE /* Build configuration list for PBXProject "Contacts" */;
			compatibilityVersion = "Xcode 9.3";
			developmentRegion = en;
			hasScannedForEncodings = 0;
			knownRegions = (
				en,
				Base,
			);
			mainGroup = DDC1460823E2261B003C4DBE;
			productRefGroup = DDC1461223E2261B003C4DBE /* Products */;
			projectDirPath = "";
			projectRoot = "";
			targets = (
				DDC1461023E2261B003C4DBE /* Contacts */,
			);
		};
/* End PBXProject section */

/* Begin PBXResourcesBuildPhase section */
		DDC1460F23E2261B003C4DBE /* Resources */ = {
			isa = PBXResourcesBuildPhase;
			buildActionMask = 2147483647;
			files = (
				DDC1462423E2261C003C4DBE /* LaunchScreen.storyboard in Resources */,
				DDC1462123E2261C003C4DBE /* Assets.xcassets in Resources */,
				DDC1461F23E2261B003C4DBE /* Main.storyboard in Resources */,
			);
			runOnlyForDeploymentPostprocessing = 0;
		};
/* End PBXResourcesBuildPhase section */

/* Begin PBXSourcesBuildPhase section */
		DDC1460D23E2261B003C4DBE /* Sources */ = {
			isa = PBXSourcesBuildPhase;
			buildActionMask = 2147483647;
			files = (
				DDC1463C23E22AAF003C4DBE /* ContactController.m in Sources */,
				DDC1461623E2261B003C4DBE /* AppDelegate.m in Sources */,
				DDC1462723E2261C003C4DBE /* main.m in Sources */,
				DDC1463323E22978003C4DBE /* ContactsTableViewController.m in Sources */,
				DDC1463623E22991003C4DBE /* AddContactViewController.m in Sources */,
				DDC1463923E22A9D003C4DBE /* Contact.m in Sources */,
				DDC1461923E2261B003C4DBE /* SceneDelegate.m in Sources */,
			);
			runOnlyForDeploymentPostprocessing = 0;
		};
/* End PBXSourcesBuildPhase section */

/* Begin PBXVariantGroup section */
		DDC1461D23E2261B003C4DBE /* Main.storyboard */ = {
			isa = PBXVariantGroup;
			children = (
				DDC1461E23E2261B003C4DBE /* Base */,
			);
			name = Main.storyboard;
			sourceTree = "<group>";
		};
		DDC1462223E2261C003C4DBE /* LaunchScreen.storyboard */ = {
			isa = PBXVariantGroup;
			children = (
				DDC1462323E2261C003C4DBE /* Base */,
			);
			name = LaunchScreen.storyboard;
			sourceTree = "<group>";
		};
/* End PBXVariantGroup section */

/* Begin XCBuildConfiguration section */
		DDC1462823E2261C003C4DBE /* Debug */ = {
			isa = XCBuildConfiguration;
			buildSettings = {
				ALWAYS_SEARCH_USER_PATHS = NO;
				CLANG_ANALYZER_NONNULL = YES;
				CLANG_ANALYZER_NUMBER_OBJECT_CONVERSION = YES_AGGRESSIVE;
				CLANG_CXX_LANGUAGE_STANDARD = "gnu++14";
				CLANG_CXX_LIBRARY = "libc++";
				CLANG_ENABLE_MODULES = YES;
				CLANG_ENABLE_OBJC_ARC = YES;
				CLANG_ENABLE_OBJC_WEAK = YES;
				CLANG_WARN_BLOCK_CAPTURE_AUTORELEASING = YES;
				CLANG_WARN_BOOL_CONVERSION = YES;
				CLANG_WARN_COMMA = YES;
				CLANG_WARN_CONSTANT_CONVERSION = YES;
				CLANG_WARN_DEPRECATED_OBJC_IMPLEMENTATIONS = YES;
				CLANG_WARN_DIRECT_OBJC_ISA_USAGE = YES_ERROR;
				CLANG_WARN_DOCUMENTATION_COMMENTS = YES;
				CLANG_WARN_EMPTY_BODY = YES;
				CLANG_WARN_ENUM_CONVERSION = YES;
				CLANG_WARN_INFINITE_RECURSION = YES;
				CLANG_WARN_INT_CONVERSION = YES;
				CLANG_WARN_NON_LITERAL_NULL_CONVERSION = YES;
				CLANG_WARN_OBJC_IMPLICIT_RETAIN_SELF = YES;
				CLANG_WARN_OBJC_LITERAL_CONVERSION = YES;
				CLANG_WARN_OBJC_ROOT_CLASS = YES_ERROR;
				CLANG_WARN_RANGE_LOOP_ANALYSIS = YES;
				CLANG_WARN_STRICT_PROTOTYPES = YES;
				CLANG_WARN_SUSPICIOUS_MOVE = YES;
				CLANG_WARN_UNGUARDED_AVAILABILITY = YES_AGGRESSIVE;
				CLANG_WARN_UNREACHABLE_CODE = YES;
				CLANG_WARN__DUPLICATE_METHOD_MATCH = YES;
				COPY_PHASE_STRIP = NO;
				DEBUG_INFORMATION_FORMAT = dwarf;
				ENABLE_STRICT_OBJC_MSGSEND = YES;
				ENABLE_TESTABILITY = YES;
				GCC_C_LANGUAGE_STANDARD = gnu11;
				GCC_DYNAMIC_NO_PIC = NO;
				GCC_NO_COMMON_BLOCKS = YES;
				GCC_OPTIMIZATION_LEVEL = 0;
				GCC_PREPROCESSOR_DEFINITIONS = (
					"DEBUG=1",
					"$(inherited)",
				);
				GCC_WARN_64_TO_32_BIT_CONVERSION = YES;
				GCC_WARN_ABOUT_RETURN_TYPE = YES_ERROR;
				GCC_WARN_UNDECLARED_SELECTOR = YES;
				GCC_WARN_UNINITIALIZED_AUTOS = YES_AGGRESSIVE;
				GCC_WARN_UNUSED_FUNCTION = YES;
				GCC_WARN_UNUSED_VARIABLE = YES;
				IPHONEOS_DEPLOYMENT_TARGET = 13.2;
				MTL_ENABLE_DEBUG_INFO = INCLUDE_SOURCE;
				MTL_FAST_MATH = YES;
				ONLY_ACTIVE_ARCH = YES;
				SDKROOT = iphoneos;
			};
			name = Debug;
		};
		DDC1462923E2261C003C4DBE /* Release */ = {
			isa = XCBuildConfiguration;
			buildSettings = {
				ALWAYS_SEARCH_USER_PATHS = NO;
				CLANG_ANALYZER_NONNULL = YES;
				CLANG_ANALYZER_NUMBER_OBJECT_CONVERSION = YES_AGGRESSIVE;
				CLANG_CXX_LANGUAGE_STANDARD = "gnu++14";
				CLANG_CXX_LIBRARY = "libc++";
				CLANG_ENABLE_MODULES = YES;
				CLANG_ENABLE_OBJC_ARC = YES;
				CLANG_ENABLE_OBJC_WEAK = YES;
				CLANG_WARN_BLOCK_CAPTURE_AUTORELEASING = YES;
				CLANG_WARN_BOOL_CONVERSION = YES;
				CLANG_WARN_COMMA = YES;
				CLANG_WARN_CONSTANT_CONVERSION = YES;
				CLANG_WARN_DEPRECATED_OBJC_IMPLEMENTATIONS = YES;
				CLANG_WARN_DIRECT_OBJC_ISA_USAGE = YES_ERROR;
				CLANG_WARN_DOCUMENTATION_COMMENTS = YES;
				CLANG_WARN_EMPTY_BODY = YES;
				CLANG_WARN_ENUM_CONVERSION = YES;
				CLANG_WARN_INFINITE_RECURSION = YES;
				CLANG_WARN_INT_CONVERSION = YES;
				CLANG_WARN_NON_LITERAL_NULL_CONVERSION = YES;
				CLANG_WARN_OBJC_IMPLICIT_RETAIN_SELF = YES;
				CLANG_WARN_OBJC_LITERAL_CONVERSION = YES;
				CLANG_WARN_OBJC_ROOT_CLASS = YES_ERROR;
				CLANG_WARN_RANGE_LOOP_ANALYSIS = YES;
				CLANG_WARN_STRICT_PROTOTYPES = YES;
				CLANG_WARN_SUSPICIOUS_MOVE = YES;
				CLANG_WARN_UNGUARDED_AVAILABILITY = YES_AGGRESSIVE;
				CLANG_WARN_UNREACHABLE_CODE = YES;
				CLANG_WARN__DUPLICATE_METHOD_MATCH = YES;
				COPY_PHASE_STRIP = NO;
				DEBUG_INFORMATION_FORMAT = "dwarf-with-dsym";
				ENABLE_NS_ASSERTIONS = NO;
				ENABLE_STRICT_OBJC_MSGSEND = YES;
				GCC_C_LANGUAGE_STANDARD = gnu11;
				GCC_NO_COMMON_BLOCKS = YES;
				GCC_WARN_64_TO_32_BIT_CONVERSION = YES;
				GCC_WARN_ABOUT_RETURN_TYPE = YES_ERROR;
				GCC_WARN_UNDECLARED_SELECTOR = YES;
				GCC_WARN_UNINITIALIZED_AUTOS = YES_AGGRESSIVE;
				GCC_WARN_UNUSED_FUNCTION = YES;
				GCC_WARN_UNUSED_VARIABLE = YES;
				IPHONEOS_DEPLOYMENT_TARGET = 13.2;
				MTL_ENABLE_DEBUG_INFO = NO;
				MTL_FAST_MATH = YES;
				SDKROOT = iphoneos;
				VALIDATE_PRODUCT = YES;
			};
			name = Release;
		};
		DDC1462B23E2261C003C4DBE /* Debug */ = {
			isa = XCBuildConfiguration;
			buildSettings = {
				ASSETCATALOG_COMPILER_APPICON_NAME = AppIcon;
				CLANG_ENABLE_OBJC_ARC = NO;
				CODE_SIGN_STYLE = Automatic;
				DEVELOPMENT_TEAM = HG3WUJ8982;
				INFOPLIST_FILE = Contacts/Info.plist;
				LD_RUNPATH_SEARCH_PATHS = (
					"$(inherited)",
					"@executable_path/Frameworks",
				);
				PRODUCT_BUNDLE_IDENTIFIER = brianvilchez.Contacts;
				PRODUCT_NAME = "$(TARGET_NAME)";
				TARGETED_DEVICE_FAMILY = "1,2";
			};
			name = Debug;
		};
		DDC1462C23E2261C003C4DBE /* Release */ = {
			isa = XCBuildConfiguration;
			buildSettings = {
				ASSETCATALOG_COMPILER_APPICON_NAME = AppIcon;
				CLANG_ENABLE_OBJC_ARC = NO;
				CODE_SIGN_STYLE = Automatic;
				DEVELOPMENT_TEAM = HG3WUJ8982;
				INFOPLIST_FILE = Contacts/Info.plist;
				LD_RUNPATH_SEARCH_PATHS = (
					"$(inherited)",
					"@executable_path/Frameworks",
				);
				PRODUCT_BUNDLE_IDENTIFIER = brianvilchez.Contacts;
				PRODUCT_NAME = "$(TARGET_NAME)";
				TARGETED_DEVICE_FAMILY = "1,2";
			};
			name = Release;
		};
/* End XCBuildConfiguration section */

/* Begin XCConfigurationList section */
		DDC1460C23E2261B003C4DBE /* Build configuration list for PBXProject "Contacts" */ = {
			isa = XCConfigurationList;
			buildConfigurations = (
				DDC1462823E2261C003C4DBE /* Debug */,
				DDC1462923E2261C003C4DBE /* Release */,
			);
			defaultConfigurationIsVisible = 0;
			defaultConfigurationName = Release;
		};
		DDC1462A23E2261C003C4DBE /* Build configuration list for PBXNativeTarget "Contacts" */ = {
			isa = XCConfigurationList;
			buildConfigurations = (
				DDC1462B23E2261C003C4DBE /* Debug */,
				DDC1462C23E2261C003C4DBE /* Release */,
			);
			defaultConfigurationIsVisible = 0;
			defaultConfigurationName = Release;
		};
/* End XCConfigurationList section */
	};
	rootObject = DDC1460923E2261B003C4DBE /* Project object */;
}
